
Microsoft Visual Studio Solution File, Format Version 12.00
# Visual Studio Version 17
VisualStudioVersion = 17.9.34723.18
MinimumVisualStudioVersion = 10.0.40219.1
Project("{FAE04EC0-301F-11D3-BF4B-00C04F79EFBC}") = "WebCalculadoraSeccionB", "WebCalculadoraSeccionB\WebCalculadoraSeccionB.csproj", "{AFB21E30-04F0-45D4-93D9-E15893ED30D7}"
EndProject
Global
	GlobalSection(SolutionConfigurationPlatforms) = preSolution
		Debug|Any CPU = Debug|Any CPU
		Release|Any CPU = Release|Any CPU
	EndGlobalSection
	GlobalSection(ProjectConfigurationPlatforms) = postSolution
		{AFB21E30-04F0-45D4-93D9-E15893ED30D7}.Debug|Any CPU.ActiveCfg = Debug|Any CPU
		{AFB21E30-04F0-45D4-93D9-E15893ED30D7}.Debug|Any CPU.Build.0 = Debug|Any CPU
		{AFB21E30-04F0-45D4-93D9-E15893ED30D7}.Release|Any CPU.ActiveCfg = Release|Any CPU
		{AFB21E30-04F0-45D4-93D9-E15893ED30D7}.Release|Any CPU.Build.0 = Release|Any CPU
	EndGlobalSection
	GlobalSection(SolutionProperties) = preSolution
		HideSolutionNode = FALSE
	EndGlobalSection
	GlobalSection(ExtensibilityGlobals) = postSolution
		SolutionGuid = {1B21BF21-B180-407B-BEE3-78828FFB3B13}
	EndGlobalSection
EndGlobal
